{
  "originHash" : "253b56452b90e991b161d96eeecf35f9ceca5ba40f2918dee672212aaa26897e",
  "pins" : [
    {
      "identity" : "leeokit",
      "kind" : "remoteSourceControl",
      "location" : "https://github.com/M1zz/LeeoKit.git",
      "state" : {
        "revision" : "283b55347e83b68353e7d16cddf978d8b34954f1",
        "version" : "3.14.0"
      }
    }
  ],
  "version" : 3
}
