{
  "originHash" : "4c237c0cbc6ef00d50ae1e9731354f9ce252c343736dca51b417e993038dc980",
  "pins" : [
    {
      "identity" : "leeokit",
      "kind" : "remoteSourceControl",
      "location" : "https://github.com/M1zz/LeeoKit.git",
      "state" : {
        "revision" : "154018f8ec524dace0e227d786d66a39995ca18c",
        "version" : "2.9.0"
      }
    }
  ],
  "version" : 3
}
